{
  "requires": true,
  "lockfileVersion": 1,
  "dependencies": {
    "react-bootstrap-sidebar": {
      "version": "0.0.1",
      "resolved": "https://registry.npmjs.org/react-bootstrap-sidebar/-/react-bootstrap-sidebar-0.0.1.tgz",
      "integrity": "sha512-mf8buplcMm6REk1Yus6pY/5CU3+QigxpPbM+9/FLma3+qngBY5nYr+Ifw8ftOJCBHqyjJzQGfw4bk2L166a8Bg=="
    }
  }
}
