{
  "requires": true,
  "lockfileVersion": 1,
  "dependencies": {
    "axios": {
      "version": "0.21.0",
      "resolved": "https://registry.npmjs.org/axios/-/axios-0.21.0.tgz",
      "integrity": "sha512-fmkJBknJKoZwem3/IKSSLpkdNXZeBu5Q7GA/aRsr2btgrptmSCxi2oFjZHqGdK9DoTil9PIHlPIZw2EcRJXRvw==",
      "requires": {
        "follow-redirects": "^1.10.0"
      }
    },
    "follow-redirects": {
      "version": "1.13.0",
      "resolved": "https://registry.npmjs.org/follow-redirects/-/follow-redirects-1.13.0.tgz",
      "integrity": "sha512-aq6gF1BEKje4a9i9+5jimNFIpq4Q1WiwBToeRK5NvZBd/TRsmW8BsJfOEGkr76TbOyPVD3OVDN910EcUNtRYEA=="
    },
    "react-bootstrap-sidebar": {
      "version": "0.0.1",
      "resolved": "https://registry.npmjs.org/react-bootstrap-sidebar/-/react-bootstrap-sidebar-0.0.1.tgz",
      "integrity": "sha512-mf8buplcMm6REk1Yus6pY/5CU3+QigxpPbM+9/FLma3+qngBY5nYr+Ifw8ftOJCBHqyjJzQGfw4bk2L166a8Bg=="
    }
  }
}
